// !$*UTF8*$!
{
	archiveVersion = 1;
	classes = {
	};
	objectVersion = 46;
	objects = {

/* Begin PBXFileReference section */
		2E6CC1C31E9035AA009588ED /* libsw2 */ = {isa = PBXFileReference; lastKnownFileType = folder; path = libsw2; sourceTree = "<group>"; };
		2EB0E61A1E7DB1C4008999DB /* layout */ = {isa = PBXFileReference; lastKnownFileType = folder; path = layout; sourceTree = "<group>"; };
		2EB0E61C1E7DB1C4008999DB /* Makefile */ = {isa = PBXFileReference; lastKnownFileType = sourcecode.make; path = Makefile; sourceTree = "<group>"; };
		2EB0E61E1E7DB1D2008999DB /* SWAppLauncher.xm */ = {isa = PBXFileReference; explicitFileType = sourcecode.c.objc; path = SWAppLauncher.xm; sourceTree = "<group>"; };
		2EB0E61F1E7DB1D2008999DB /* SWPSListController.mm */ = {isa = PBXFileReference; lastKnownFileType = sourcecode.cpp.objcpp; path = SWPSListController.mm; sourceTree = "<group>"; };
		2EB0E6201E7DB1D2008999DB /* SWPSListControllerHeaderView.mm */ = {isa = PBXFileReference; lastKnownFileType = sourcecode.cpp.objcpp; path = SWPSListControllerHeaderView.mm; sourceTree = "<group>"; };
		2EB0E6211E7DB1D2008999DB /* SWPSTwitterCell.m */ = {isa = PBXFileReference; lastKnownFileType = sourcecode.c.objc; path = SWPSTwitterCell.m; sourceTree = "<group>"; };
		2EB0E6221E7DB1D2008999DB /* SWSuperiorWindow.m */ = {isa = PBXFileReference; lastKnownFileType = sourcecode.c.objc; path = SWSuperiorWindow.m; sourceTree = "<group>"; };
/* End PBXFileReference section */

/* Begin PBXGroup section */
		2E334F3E1AE836F0002046A1 = {
			isa = PBXGroup;
			children = (
				2EB0E61A1E7DB1C4008999DB /* layout */,
				2EB0E61C1E7DB1C4008999DB /* Makefile */,
				2E3E57311E799A32005FE4DD /* src */,
			);
			sourceTree = "<group>";
		};
		2E3E57311E799A32005FE4DD /* src */ = {
			isa = PBXGroup;
			children = (
				2E6CC1C31E9035AA009588ED /* libsw2 */,
				2EB0E61E1E7DB1D2008999DB /* SWAppLauncher.xm */,
				2EB0E61F1E7DB1D2008999DB /* SWPSListController.mm */,
				2EB0E6201E7DB1D2008999DB /* SWPSListControllerHeaderView.mm */,
				2EB0E6211E7DB1D2008999DB /* SWPSTwitterCell.m */,
				2EB0E6221E7DB1D2008999DB /* SWSuperiorWindow.m */,
			);
			name = src;
			sourceTree = "<group>";
		};
/* End PBXGroup section */

/* Begin PBXProject section */
		2E334F3F1AE836F0002046A1 /* Project object */ = {
			isa = PBXProject;
			attributes = {
				LastUpgradeCheck = 0710;
			};
			buildConfigurationList = 2E334F421AE836F0002046A1 /* Build configuration list for PBXProject "libsw" */;
			compatibilityVersion = "Xcode 3.2";
			developmentRegion = English;
			hasScannedForEncodings = 0;
			knownRegions = (
				en,
			);
			mainGroup = 2E334F3E1AE836F0002046A1;
			projectDirPath = "";
			projectRoot = "";
			targets = (
			);
		};
/* End PBXProject section */

/* Begin XCBuildConfiguration section */
		2E334F431AE836F0002046A1 /* Debug */ = {
			isa = XCBuildConfiguration;
			buildSettings = {
				ENABLE_TESTABILITY = YES;
				ONLY_ACTIVE_ARCH = YES;
			};
			name = Debug;
		};
		2E334F441AE836F0002046A1 /* Release */ = {
			isa = XCBuildConfiguration;
			buildSettings = {
			};
			name = Release;
		};
/* End XCBuildConfiguration section */

/* Begin XCConfigurationList section */
		2E334F421AE836F0002046A1 /* Build configuration list for PBXProject "libsw" */ = {
			isa = XCConfigurationList;
			buildConfigurations = (
				2E334F431AE836F0002046A1 /* Debug */,
				2E334F441AE836F0002046A1 /* Release */,
			);
			defaultConfigurationIsVisible = 0;
			defaultConfigurationName = Release;
		};
/* End XCConfigurationList section */
	};
	rootObject = 2E334F3F1AE836F0002046A1 /* Project object */;
}
